
Microsoft Visual Studio Solution File, Format Version 12.00
# Visual Studio Version 17
VisualStudioVersion = 17.3.32825.248
MinimumVisualStudioVersion = 10.0.40219.1
Project("{FAE04EC0-301F-11D3-BF4B-00C04F79EFBC}") = "5.1", "5.1\5.1.csproj", "{270CB1E9-71FE-493C-85D1-436A34C51C2F}"
EndProject
Global
	GlobalSection(SolutionConfigurationPlatforms) = preSolution
		Debug|Any CPU = Debug|Any CPU
		Release|Any CPU = Release|Any CPU
	EndGlobalSection
	GlobalSection(ProjectConfigurationPlatforms) = postSolution
		{270CB1E9-71FE-493C-85D1-436A34C51C2F}.Debug|Any CPU.ActiveCfg = Debug|Any CPU
		{270CB1E9-71FE-493C-85D1-436A34C51C2F}.Debug|Any CPU.Build.0 = Debug|Any CPU
		{270CB1E9-71FE-493C-85D1-436A34C51C2F}.Release|Any CPU.ActiveCfg = Release|Any CPU
		{270CB1E9-71FE-493C-85D1-436A34C51C2F}.Release|Any CPU.Build.0 = Release|Any CPU
	EndGlobalSection
	GlobalSection(SolutionProperties) = preSolution
		HideSolutionNode = FALSE
	EndGlobalSection
	GlobalSection(ExtensibilityGlobals) = postSolution
		SolutionGuid = {7A395EB5-DD26-44FF-AE9A-16BB2FD88C6E}
	EndGlobalSection
EndGlobal
